
Microsoft Visual Studio Solution File, Format Version 12.00
# Visual Studio Version 16
VisualStudioVersion = 16.0.31727.386
MinimumVisualStudioVersion = 10.0.40219.1
Project("{FAE04EC0-301F-11D3-BF4B-00C04F79EFBC}") = "AppS6PBlacio.Android", "AppS6PBlacio.Android\AppS6PBlacio.Android.csproj", "{18D2AC19-FF2E-4BD8-A41E-0DFDFC8BF28F}"
EndProject
Project("{FAE04EC0-301F-11D3-BF4B-00C04F79EFBC}") = "AppS6PBlacio.iOS", "AppS6PBlacio.iOS\AppS6PBlacio.iOS.csproj", "{76FDF9F9-AC3B-4F8A-A78C-7B04FD4F7E95}"
EndProject
Project("{FAE04EC0-301F-11D3-BF4B-00C04F79EFBC}") = "AppS6PBlacio", "AppS6PBlacio\AppS6PBlacio.csproj", "{A3662F87-6D64-459E-9D4C-AA68540E5987}"
EndProject
Global
	GlobalSection(SolutionConfigurationPlatforms) = preSolution
		Debug|Any CPU = Debug|Any CPU
		Debug|iPhone = Debug|iPhone
		Debug|iPhoneSimulator = Debug|iPhoneSimulator
		Release|Any CPU = Release|Any CPU
		Release|iPhone = Release|iPhone
		Release|iPhoneSimulator = Release|iPhoneSimulator
	EndGlobalSection
	GlobalSection(ProjectConfigurationPlatforms) = postSolution
		{18D2AC19-FF2E-4BD8-A41E-0DFDFC8BF28F}.Debug|Any CPU.ActiveCfg = Debug|Any CPU
		{18D2AC19-FF2E-4BD8-A41E-0DFDFC8BF28F}.Debug|Any CPU.Build.0 = Debug|Any CPU
		{18D2AC19-FF2E-4BD8-A41E-0DFDFC8BF28F}.Debug|Any CPU.Deploy.0 = Debug|Any CPU
		{18D2AC19-FF2E-4BD8-A41E-0DFDFC8BF28F}.Debug|iPhone.ActiveCfg = Debug|Any CPU
		{18D2AC19-FF2E-4BD8-A41E-0DFDFC8BF28F}.Debug|iPhone.Build.0 = Debug|Any CPU
		{18D2AC19-FF2E-4BD8-A41E-0DFDFC8BF28F}.Debug|iPhone.Deploy.0 = Debug|Any CPU
		{18D2AC19-FF2E-4BD8-A41E-0DFDFC8BF28F}.Debug|iPhoneSimulator.ActiveCfg = Debug|Any CPU
		{18D2AC19-FF2E-4BD8-A41E-0DFDFC8BF28F}.Debug|iPhoneSimulator.Build.0 = Debug|Any CPU
		{18D2AC19-FF2E-4BD8-A41E-0DFDFC8BF28F}.Debug|iPhoneSimulator.Deploy.0 = Debug|Any CPU
		{18D2AC19-FF2E-4BD8-A41E-0DFDFC8BF28F}.Release|Any CPU.ActiveCfg = Release|Any CPU
		{18D2AC19-FF2E-4BD8-A41E-0DFDFC8BF28F}.Release|Any CPU.Build.0 = Release|Any CPU
		{18D2AC19-FF2E-4BD8-A41E-0DFDFC8BF28F}.Release|Any CPU.Deploy.0 = Release|Any CPU
		{18D2AC19-FF2E-4BD8-A41E-0DFDFC8BF28F}.Release|iPhone.ActiveCfg = Release|Any CPU
		{18D2AC19-FF2E-4BD8-A41E-0DFDFC8BF28F}.Release|iPhone.Build.0 = Release|Any CPU
		{18D2AC19-FF2E-4BD8-A41E-0DFDFC8BF28F}.Release|iPhone.Deploy.0 = Release|Any CPU
		{18D2AC19-FF2E-4BD8-A41E-0DFDFC8BF28F}.Release|iPhoneSimulator.ActiveCfg = Release|Any CPU
		{18D2AC19-FF2E-4BD8-A41E-0DFDFC8BF28F}.Release|iPhoneSimulator.Build.0 = Release|Any CPU
		{18D2AC19-FF2E-4BD8-A41E-0DFDFC8BF28F}.Release|iPhoneSimulator.Deploy.0 = Release|Any CPU
		{76FDF9F9-AC3B-4F8A-A78C-7B04FD4F7E95}.Debug|Any CPU.ActiveCfg = Debug|iPhone
		{76FDF9F9-AC3B-4F8A-A78C-7B04FD4F7E95}.Debug|Any CPU.Build.0 = Debug|iPhone
		{76FDF9F9-AC3B-4F8A-A78C-7B04FD4F7E95}.Debug|Any CPU.Deploy.0 = Debug|iPhone
		{76FDF9F9-AC3B-4F8A-A78C-7B04FD4F7E95}.Debug|iPhone.ActiveCfg = Debug|iPhone
		{76FDF9F9-AC3B-4F8A-A78C-7B04FD4F7E95}.Debug|iPhone.Build.0 = Debug|iPhone
		{76FDF9F9-AC3B-4F8A-A78C-7B04FD4F7E95}.Debug|iPhone.Deploy.0 = Debug|iPhone
		{76FDF9F9-AC3B-4F8A-A78C-7B04FD4F7E95}.Debug|iPhoneSimulator.ActiveCfg = Debug|iPhoneSimulator
		{76FDF9F9-AC3B-4F8A-A78C-7B04FD4F7E95}.Debug|iPhoneSimulator.Build.0 = Debug|iPhoneSimulator
		{76FDF9F9-AC3B-4F8A-A78C-7B04FD4F7E95}.Debug|iPhoneSimulator.Deploy.0 = Debug|iPhoneSimulator
		{76FDF9F9-AC3B-4F8A-A78C-7B04FD4F7E95}.Release|Any CPU.ActiveCfg = Release|iPhoneSimulator
		{76FDF9F9-AC3B-4F8A-A78C-7B04FD4F7E95}.Release|Any CPU.Build.0 = Release|iPhoneSimulator
		{76FDF9F9-AC3B-4F8A-A78C-7B04FD4F7E95}.Release|Any CPU.Deploy.0 = Release|iPhoneSimulator
		{76FDF9F9-AC3B-4F8A-A78C-7B04FD4F7E95}.Release|iPhone.ActiveCfg = Release|iPhone
		{76FDF9F9-AC3B-4F8A-A78C-7B04FD4F7E95}.Release|iPhone.Build.0 = Release|iPhone
		{76FDF9F9-AC3B-4F8A-A78C-7B04FD4F7E95}.Release|iPhone.Deploy.0 = Release|iPhone
		{76FDF9F9-AC3B-4F8A-A78C-7B04FD4F7E95}.Release|iPhoneSimulator.ActiveCfg = Release|iPhoneSimulator
		{76FDF9F9-AC3B-4F8A-A78C-7B04FD4F7E95}.Release|iPhoneSimulator.Build.0 = Release|iPhoneSimulator
		{76FDF9F9-AC3B-4F8A-A78C-7B04FD4F7E95}.Release|iPhoneSimulator.Deploy.0 = Release|iPhoneSimulator
		{A3662F87-6D64-459E-9D4C-AA68540E5987}.Debug|Any CPU.ActiveCfg = Debug|Any CPU
		{A3662F87-6D64-459E-9D4C-AA68540E5987}.Debug|Any CPU.Build.0 = Debug|Any CPU
		{A3662F87-6D64-459E-9D4C-AA68540E5987}.Debug|Any CPU.Deploy.0 = Debug|Any CPU
		{A3662F87-6D64-459E-9D4C-AA68540E5987}.Debug|iPhone.ActiveCfg = Debug|Any CPU
		{A3662F87-6D64-459E-9D4C-AA68540E5987}.Debug|iPhone.Build.0 = Debug|Any CPU
		{A3662F87-6D64-459E-9D4C-AA68540E5987}.Debug|iPhone.Deploy.0 = Debug|Any CPU
		{A3662F87-6D64-459E-9D4C-AA68540E5987}.Debug|iPhoneSimulator.ActiveCfg = Debug|Any CPU
		{A3662F87-6D64-459E-9D4C-AA68540E5987}.Debug|iPhoneSimulator.Build.0 = Debug|Any CPU
		{A3662F87-6D64-459E-9D4C-AA68540E5987}.Debug|iPhoneSimulator.Deploy.0 = Debug|Any CPU
		{A3662F87-6D64-459E-9D4C-AA68540E5987}.Release|Any CPU.ActiveCfg = Release|Any CPU
		{A3662F87-6D64-459E-9D4C-AA68540E5987}.Release|Any CPU.Build.0 = Release|Any CPU
		{A3662F87-6D64-459E-9D4C-AA68540E5987}.Release|Any CPU.Deploy.0 = Release|Any CPU
		{A3662F87-6D64-459E-9D4C-AA68540E5987}.Release|iPhone.ActiveCfg = Release|Any CPU
		{A3662F87-6D64-459E-9D4C-AA68540E5987}.Release|iPhone.Build.0 = Release|Any CPU
		{A3662F87-6D64-459E-9D4C-AA68540E5987}.Release|iPhone.Deploy.0 = Release|Any CPU
		{A3662F87-6D64-459E-9D4C-AA68540E5987}.Release|iPhoneSimulator.ActiveCfg = Release|Any CPU
		{A3662F87-6D64-459E-9D4C-AA68540E5987}.Release|iPhoneSimulator.Build.0 = Release|Any CPU
		{A3662F87-6D64-459E-9D4C-AA68540E5987}.Release|iPhoneSimulator.Deploy.0 = Release|Any CPU
	EndGlobalSection
	GlobalSection(SolutionProperties) = preSolution
		HideSolutionNode = FALSE
	EndGlobalSection
	GlobalSection(ExtensibilityGlobals) = postSolution
		SolutionGuid = {4AE7A35F-2E65-4C39-9EF4-60BAA00F2C20}
	EndGlobalSection
EndGlobal
